
Microsoft Visual Studio Solution File, Format Version 12.00
# Visual Studio Version 16
VisualStudioVersion = 16.0.30011.22
MinimumVisualStudioVersion = 10.0.40219.1
Project("{FAE04EC0-301F-11D3-BF4B-00C04F79EFBC}") = "RealTimeCharts.Data", "RealTimeCharts.Data\RealTimeCharts.Data.csproj", "{AB900E56-5D0B-4063-ABE3-0432E1E3273F}"
EndProject
Project("{FAE04EC0-301F-11D3-BF4B-00C04F79EFBC}") = "RealTimeCharts.Web", "RealTimeCharts.Web\RealTimeCharts.Web.csproj", "{AD17FE35-3E64-4763-8BF2-BC76555B891E}"
EndProject
Global
	GlobalSection(SolutionConfigurationPlatforms) = preSolution
		Debug|Any CPU = Debug|Any CPU
		Release|Any CPU = Release|Any CPU
	EndGlobalSection
	GlobalSection(ProjectConfigurationPlatforms) = postSolution
		{AB900E56-5D0B-4063-ABE3-0432E1E3273F}.Debug|Any CPU.ActiveCfg = Debug|Any CPU
		{AB900E56-5D0B-4063-ABE3-0432E1E3273F}.Debug|Any CPU.Build.0 = Debug|Any CPU
		{AB900E56-5D0B-4063-ABE3-0432E1E3273F}.Release|Any CPU.ActiveCfg = Release|Any CPU
		{AB900E56-5D0B-4063-ABE3-0432E1E3273F}.Release|Any CPU.Build.0 = Release|Any CPU
		{AD17FE35-3E64-4763-8BF2-BC76555B891E}.Debug|Any CPU.ActiveCfg = Debug|Any CPU
		{AD17FE35-3E64-4763-8BF2-BC76555B891E}.Debug|Any CPU.Build.0 = Debug|Any CPU
		{AD17FE35-3E64-4763-8BF2-BC76555B891E}.Release|Any CPU.ActiveCfg = Release|Any CPU
		{AD17FE35-3E64-4763-8BF2-BC76555B891E}.Release|Any CPU.Build.0 = Release|Any CPU
	EndGlobalSection
	GlobalSection(SolutionProperties) = preSolution
		HideSolutionNode = FALSE
	EndGlobalSection
	GlobalSection(ExtensibilityGlobals) = postSolution
		SolutionGuid = {A8DE96CD-90A7-4574-8386-8316FBDA04F0}
	EndGlobalSection
EndGlobal
